// !$*UTF8*$!
{
	archiveVersion = 1;
	classes = {
	};
	objectVersion = 56;
	objects = {

/* Begin PBXBuildFile section */
		2133944D299D0FC7007FAD0A /* AppDelegate.swift in Sources */ = {isa = PBXBuildFile; fileRef = 2133944C299D0FC7007FAD0A /* AppDelegate.swift */; };
		2133944F299D0FC7007FAD0A /* SceneDelegate.swift in Sources */ = {isa = PBXBuildFile; fileRef = 2133944E299D0FC7007FAD0A /* SceneDelegate.swift */; };
		21339451299D0FC7007FAD0A /* ViewController.swift in Sources */ = {isa = PBXBuildFile; fileRef = 21339450299D0FC7007FAD0A /* ViewController.swift */; };
		21339454299D0FC7007FAD0A /* Main.storyboard in Resources */ = {isa = PBXBuildFile; fileRef = 21339452299D0FC7007FAD0A /* Main.storyboard */; };
		21339457299D0FC7007FAD0A /* CustomTextToSepeech.xcdatamodeld in Sources */ = {isa = PBXBuildFile; fileRef = 21339455299D0FC7007FAD0A /* CustomTextToSepeech.xcdatamodeld */; };
		21339459299D0FC9007FAD0A /* Assets.xcassets in Resources */ = {isa = PBXBuildFile; fileRef = 21339458299D0FC9007FAD0A /* Assets.xcassets */; };
		2133945C299D0FC9007FAD0A /* LaunchScreen.storyboard in Resources */ = {isa = PBXBuildFile; fileRef = 2133945A299D0FC9007FAD0A /* LaunchScreen.storyboard */; };
		21339467299D0FC9007FAD0A /* CustomTextToSepeechTests.swift in Sources */ = {isa = PBXBuildFile; fileRef = 21339466299D0FC9007FAD0A /* CustomTextToSepeechTests.swift */; };
		21339471299D0FC9007FAD0A /* CustomTextToSepeechUITests.swift in Sources */ = {isa = PBXBuildFile; fileRef = 21339470299D0FC9007FAD0A /* CustomTextToSepeechUITests.swift */; };
		21339473299D0FC9007FAD0A /* CustomTextToSepeechUITestsLaunchTests.swift in Sources */ = {isa = PBXBuildFile; fileRef = 21339472299D0FC9007FAD0A /* CustomTextToSepeechUITestsLaunchTests.swift */; };
/* End PBXBuildFile section */

/* Begin PBXContainerItemProxy section */
		21339463299D0FC9007FAD0A /* PBXContainerItemProxy */ = {
			isa = PBXContainerItemProxy;
			containerPortal = 21339441299D0FC7007FAD0A /* Project object */;
			proxyType = 1;
			remoteGlobalIDString = 21339448299D0FC7007FAD0A;
			remoteInfo = CustomTextToSepeech;
		};
		2133946D299D0FC9007FAD0A /* PBXContainerItemProxy */ = {
			isa = PBXContainerItemProxy;
			containerPortal = 21339441299D0FC7007FAD0A /* Project object */;
			proxyType = 1;
			remoteGlobalIDString = 21339448299D0FC7007FAD0A;
			remoteInfo = CustomTextToSepeech;
		};
/* End PBXContainerItemProxy section */

/* Begin PBXFileReference section */
		21339449299D0FC7007FAD0A /* CustomTextToSepeech.app */ = {isa = PBXFileReference; explicitFileType = wrapper.application; includeInIndex = 0; path = CustomTextToSepeech.app; sourceTree = BUILT_PRODUCTS_DIR; };
		2133944C299D0FC7007FAD0A /* AppDelegate.swift */ = {isa = PBXFileReference; lastKnownFileType = sourcecode.swift; path = AppDelegate.swift; sourceTree = "<group>"; };
		2133944E299D0FC7007FAD0A /* SceneDelegate.swift */ = {isa = PBXFileReference; lastKnownFileType = sourcecode.swift; path = SceneDelegate.swift; sourceTree = "<group>"; };
		21339450299D0FC7007FAD0A /* ViewController.swift */ = {isa = PBXFileReference; lastKnownFileType = sourcecode.swift; path = ViewController.swift; sourceTree = "<group>"; };
		21339453299D0FC7007FAD0A /* Base */ = {isa = PBXFileReference; lastKnownFileType = file.storyboard; name = Base; path = Base.lproj/Main.storyboard; sourceTree = "<group>"; };
		21339456299D0FC7007FAD0A /* CustomTextToSepeech.xcdatamodel */ = {isa = PBXFileReference; lastKnownFileType = wrapper.xcdatamodel; path = CustomTextToSepeech.xcdatamodel; sourceTree = "<group>"; };
		21339458299D0FC9007FAD0A /* Assets.xcassets */ = {isa = PBXFileReference; lastKnownFileType = folder.assetcatalog; path = Assets.xcassets; sourceTree = "<group>"; };
		2133945B299D0FC9007FAD0A /* Base */ = {isa = PBXFileReference; lastKnownFileType = file.storyboard; name = Base; path = Base.lproj/LaunchScreen.storyboard; sourceTree = "<group>"; };
		2133945D299D0FC9007FAD0A /* Info.plist */ = {isa = PBXFileReference; lastKnownFileType = text.plist.xml; path = Info.plist; sourceTree = "<group>"; };
		21339462299D0FC9007FAD0A /* CustomTextToSepeechTests.xctest */ = {isa = PBXFileReference; explicitFileType = wrapper.cfbundle; includeInIndex = 0; path = CustomTextToSepeechTests.xctest; sourceTree = BUILT_PRODUCTS_DIR; };
		21339466299D0FC9007FAD0A /* CustomTextToSepeechTests.swift */ = {isa = PBXFileReference; lastKnownFileType = sourcecode.swift; path = CustomTextToSepeechTests.swift; sourceTree = "<group>"; };
		2133946C299D0FC9007FAD0A /* CustomTextToSepeechUITests.xctest */ = {isa = PBXFileReference; explicitFileType = wrapper.cfbundle; includeInIndex = 0; path = CustomTextToSepeechUITests.xctest; sourceTree = BUILT_PRODUCTS_DIR; };
		21339470299D0FC9007FAD0A /* CustomTextToSepeechUITests.swift */ = {isa = PBXFileReference; lastKnownFileType = sourcecode.swift; path = CustomTextToSepeechUITests.swift; sourceTree = "<group>"; };
		21339472299D0FC9007FAD0A /* CustomTextToSepeechUITestsLaunchTests.swift */ = {isa = PBXFileReference; lastKnownFileType = sourcecode.swift; path = CustomTextToSepeechUITestsLaunchTests.swift; sourceTree = "<group>"; };
/* End PBXFileReference section */

/* Begin PBXFrameworksBuildPhase section */
		21339446299D0FC7007FAD0A /* Frameworks */ = {
			isa = PBXFrameworksBuildPhase;
			buildActionMask = 2147483647;
			files = (
			);
			runOnlyForDeploymentPostprocessing = 0;
		};
		2133945F299D0FC9007FAD0A /* Frameworks */ = {
			isa = PBXFrameworksBuildPhase;
			buildActionMask = 2147483647;
			files = (
			);
			runOnlyForDeploymentPostprocessing = 0;
		};
		21339469299D0FC9007FAD0A /* Frameworks */ = {
			isa = PBXFrameworksBuildPhase;
			buildActionMask = 2147483647;
			files = (
			);
			runOnlyForDeploymentPostprocessing = 0;
		};
/* End PBXFrameworksBuildPhase section */

/* Begin PBXGroup section */
		21339440299D0FC7007FAD0A = {
			isa = PBXGroup;
			children = (
				2133944B299D0FC7007FAD0A /* CustomTextToSepeech */,
				21339465299D0FC9007FAD0A /* CustomTextToSepeechTests */,
				2133946F299D0FC9007FAD0A /* CustomTextToSepeechUITests */,
				2133944A299D0FC7007FAD0A /* Products */,
			);
			sourceTree = "<group>";
		};
		2133944A299D0FC7007FAD0A /* Products */ = {
			isa = PBXGroup;
			children = (
				21339449299D0FC7007FAD0A /* CustomTextToSepeech.app */,
				21339462299D0FC9007FAD0A /* CustomTextToSepeechTests.xctest */,
				2133946C299D0FC9007FAD0A /* CustomTextToSepeechUITests.xctest */,
			);
			name = Products;
			sourceTree = "<group>";
		};
		2133944B299D0FC7007FAD0A /* CustomTextToSepeech */ = {
			isa = PBXGroup;
			children = (
				2133944C299D0FC7007FAD0A /* AppDelegate.swift */,
				2133944E299D0FC7007FAD0A /* SceneDelegate.swift */,
				21339450299D0FC7007FAD0A /* ViewController.swift */,
				21339452299D0FC7007FAD0A /* Main.storyboard */,
				21339458299D0FC9007FAD0A /* Assets.xcassets */,
				2133945A299D0FC9007FAD0A /* LaunchScreen.storyboard */,
				2133945D299D0FC9007FAD0A /* Info.plist */,
				21339455299D0FC7007FAD0A /* CustomTextToSepeech.xcdatamodeld */,
			);
			path = CustomTextToSepeech;
			sourceTree = "<group>";
		};
		21339465299D0FC9007FAD0A /* CustomTextToSepeechTests */ = {
			isa = PBXGroup;
			children = (
				21339466299D0FC9007FAD0A /* CustomTextToSepeechTests.swift */,
			);
			path = CustomTextToSepeechTests;
			sourceTree = "<group>";
		};
		2133946F299D0FC9007FAD0A /* CustomTextToSepeechUITests */ = {
			isa = PBXGroup;
			children = (
				21339470299D0FC9007FAD0A /* CustomTextToSepeechUITests.swift */,
				21339472299D0FC9007FAD0A /* CustomTextToSepeechUITestsLaunchTests.swift */,
			);
			path = CustomTextToSepeechUITests;
			sourceTree = "<group>";
		};
/* End PBXGroup section */

/* Begin PBXNativeTarget section */
		21339448299D0FC7007FAD0A /* CustomTextToSepeech */ = {
			isa = PBXNativeTarget;
			buildConfigurationList = 21339476299D0FC9007FAD0A /* Build configuration list for PBXNativeTarget "CustomTextToSepeech" */;
			buildPhases = (
				21339445299D0FC7007FAD0A /* Sources */,
				21339446299D0FC7007FAD0A /* Frameworks */,
				21339447299D0FC7007FAD0A /* Resources */,
			);
			buildRules = (
			);
			dependencies = (
			);
			name = CustomTextToSepeech;
			productName = CustomTextToSepeech;
			productReference = 21339449299D0FC7007FAD0A /* CustomTextToSepeech.app */;
			productType = "com.apple.product-type.application";
		};
		21339461299D0FC9007FAD0A /* CustomTextToSepeechTests */ = {
			isa = PBXNativeTarget;
			buildConfigurationList = 21339479299D0FC9007FAD0A /* Build configuration list for PBXNativeTarget "CustomTextToSepeechTests" */;
			buildPhases = (
				2133945E299D0FC9007FAD0A /* Sources */,
				2133945F299D0FC9007FAD0A /* Frameworks */,
				21339460299D0FC9007FAD0A /* Resources */,
			);
			buildRules = (
			);
			dependencies = (
				21339464299D0FC9007FAD0A /* PBXTargetDependency */,
			);
			name = CustomTextToSepeechTests;
			productName = CustomTextToSepeechTests;
			productReference = 21339462299D0FC9007FAD0A /* CustomTextToSepeechTests.xctest */;
			productType = "com.apple.product-type.bundle.unit-test";
		};
		2133946B299D0FC9007FAD0A /* CustomTextToSepeechUITests */ = {
			isa = PBXNativeTarget;
			buildConfigurationList = 2133947C299D0FC9007FAD0A /* Build configuration list for PBXNativeTarget "CustomTextToSepeechUITests" */;
			buildPhases = (
				21339468299D0FC9007FAD0A /* Sources */,
				21339469299D0FC9007FAD0A /* Frameworks */,
				2133946A299D0FC9007FAD0A /* Resources */,
			);
			buildRules = (
			);
			dependencies = (
				2133946E299D0FC9007FAD0A /* PBXTargetDependency */,
			);
			name = CustomTextToSepeechUITests;
			productName = CustomTextToSepeechUITests;
			productReference = 2133946C299D0FC9007FAD0A /* CustomTextToSepeechUITests.xctest */;
			productType = "com.apple.product-type.bundle.ui-testing";
		};
/* End PBXNativeTarget section */

/* Begin PBXProject section */
		21339441299D0FC7007FAD0A /* Project object */ = {
			isa = PBXProject;
			attributes = {
				BuildIndependentTargetsInParallel = 1;
				LastSwiftUpdateCheck = 1420;
				LastUpgradeCheck = 1420;
				TargetAttributes = {
					21339448299D0FC7007FAD0A = {
						CreatedOnToolsVersion = 14.2;
					};
					21339461299D0FC9007FAD0A = {
						CreatedOnToolsVersion = 14.2;
						TestTargetID = 21339448299D0FC7007FAD0A;
					};
					2133946B299D0FC9007FAD0A = {
						CreatedOnToolsVersion = 14.2;
						TestTargetID = 21339448299D0FC7007FAD0A;
					};
				};
			};
			buildConfigurationList = 21339444299D0FC7007FAD0A /* Build configuration list for PBXProject "CustomTextToSepeech" */;
			compatibilityVersion = "Xcode 14.0";
			developmentRegion = en;
			hasScannedForEncodings = 0;
			knownRegions = (
				en,
				Base,
			);
			mainGroup = 21339440299D0FC7007FAD0A;
			productRefGroup = 2133944A299D0FC7007FAD0A /* Products */;
			projectDirPath = "";
			projectRoot = "";
			targets = (
				21339448299D0FC7007FAD0A /* CustomTextToSepeech */,
				21339461299D0FC9007FAD0A /* CustomTextToSepeechTests */,
				2133946B299D0FC9007FAD0A /* CustomTextToSepeechUITests */,
			);
		};
/* End PBXProject section */

/* Begin PBXResourcesBuildPhase section */
		21339447299D0FC7007FAD0A /* Resources */ = {
			isa = PBXResourcesBuildPhase;
			buildActionMask = 2147483647;
			files = (
				2133945C299D0FC9007FAD0A /* LaunchScreen.storyboard in Resources */,
				21339459299D0FC9007FAD0A /* Assets.xcassets in Resources */,
				21339454299D0FC7007FAD0A /* Main.storyboard in Resources */,
			);
			runOnlyForDeploymentPostprocessing = 0;
		};
		21339460299D0FC9007FAD0A /* Resources */ = {
			isa = PBXResourcesBuildPhase;
			buildActionMask = 2147483647;
			files = (
			);
			runOnlyForDeploymentPostprocessing = 0;
		};
		2133946A299D0FC9007FAD0A /* Resources */ = {
			isa = PBXResourcesBuildPhase;
			buildActionMask = 2147483647;
			files = (
			);
			runOnlyForDeploymentPostprocessing = 0;
		};
/* End PBXResourcesBuildPhase section */

/* Begin PBXSourcesBuildPhase section */
		21339445299D0FC7007FAD0A /* Sources */ = {
			isa = PBXSourcesBuildPhase;
			buildActionMask = 2147483647;
			files = (
				21339457299D0FC7007FAD0A /* CustomTextToSepeech.xcdatamodeld in Sources */,
				21339451299D0FC7007FAD0A /* ViewController.swift in Sources */,
				2133944D299D0FC7007FAD0A /* AppDelegate.swift in Sources */,
				2133944F299D0FC7007FAD0A /* SceneDelegate.swift in Sources */,
			);
			runOnlyForDeploymentPostprocessing = 0;
		};
		2133945E299D0FC9007FAD0A /* Sources */ = {
			isa = PBXSourcesBuildPhase;
			buildActionMask = 2147483647;
			files = (
				21339467299D0FC9007FAD0A /* CustomTextToSepeechTests.swift in Sources */,
			);
			runOnlyForDeploymentPostprocessing = 0;
		};
		21339468299D0FC9007FAD0A /* Sources */ = {
			isa = PBXSourcesBuildPhase;
			buildActionMask = 2147483647;
			files = (
				21339471299D0FC9007FAD0A /* CustomTextToSepeechUITests.swift in Sources */,
				21339473299D0FC9007FAD0A /* CustomTextToSepeechUITestsLaunchTests.swift in Sources */,
			);
			runOnlyForDeploymentPostprocessing = 0;
		};
/* End PBXSourcesBuildPhase section */

/* Begin PBXTargetDependency section */
		21339464299D0FC9007FAD0A /* PBXTargetDependency */ = {
			isa = PBXTargetDependency;
			target = 21339448299D0FC7007FAD0A /* CustomTextToSepeech */;
			targetProxy = 21339463299D0FC9007FAD0A /* PBXContainerItemProxy */;
		};
		2133946E299D0FC9007FAD0A /* PBXTargetDependency */ = {
			isa = PBXTargetDependency;
			target = 21339448299D0FC7007FAD0A /* CustomTextToSepeech */;
			targetProxy = 2133946D299D0FC9007FAD0A /* PBXContainerItemProxy */;
		};
/* End PBXTargetDependency section */

/* Begin PBXVariantGroup section */
		21339452299D0FC7007FAD0A /* Main.storyboard */ = {
			isa = PBXVariantGroup;
			children = (
				21339453299D0FC7007FAD0A /* Base */,
			);
			name = Main.storyboard;
			sourceTree = "<group>";
		};
		2133945A299D0FC9007FAD0A /* LaunchScreen.storyboard */ = {
			isa = PBXVariantGroup;
			children = (
				2133945B299D0FC9007FAD0A /* Base */,
			);
			name = LaunchScreen.storyboard;
			sourceTree = "<group>";
		};
/* End PBXVariantGroup section */

/* Begin XCBuildConfiguration section */
		21339474299D0FC9007FAD0A /* Debug */ = {
			isa = XCBuildConfiguration;
			buildSettings = {
				ALWAYS_SEARCH_USER_PATHS = NO;
				CLANG_ANALYZER_NONNULL = YES;
				CLANG_ANALYZER_NUMBER_OBJECT_CONVERSION = YES_AGGRESSIVE;
				CLANG_CXX_LANGUAGE_STANDARD = "gnu++20";
				CLANG_ENABLE_MODULES = YES;
				CLANG_ENABLE_OBJC_ARC = YES;
				CLANG_ENABLE_OBJC_WEAK = YES;
				CLANG_WARN_BLOCK_CAPTURE_AUTORELEASING = YES;
				CLANG_WARN_BOOL_CONVERSION = YES;
				CLANG_WARN_COMMA = YES;
				CLANG_WARN_CONSTANT_CONVERSION = YES;
				CLANG_WARN_DEPRECATED_OBJC_IMPLEMENTATIONS = YES;
				CLANG_WARN_DIRECT_OBJC_ISA_USAGE = YES_ERROR;
				CLANG_WARN_DOCUMENTATION_COMMENTS = YES;
				CLANG_WARN_EMPTY_BODY = YES;
				CLANG_WARN_ENUM_CONVERSION = YES;
				CLANG_WARN_INFINITE_RECURSION = YES;
				CLANG_WARN_INT_CONVERSION = YES;
				CLANG_WARN_NON_LITERAL_NULL_CONVERSION = YES;
				CLANG_WARN_OBJC_IMPLICIT_RETAIN_SELF = YES;
				CLANG_WARN_OBJC_LITERAL_CONVERSION = YES;
				CLANG_WARN_OBJC_ROOT_CLASS = YES_ERROR;
				CLANG_WARN_QUOTED_INCLUDE_IN_FRAMEWORK_HEADER = YES;
				CLANG_WARN_RANGE_LOOP_ANALYSIS = YES;
				CLANG_WARN_STRICT_PROTOTYPES = YES;
				CLANG_WARN_SUSPICIOUS_MOVE = YES;
				CLANG_WARN_UNGUARDED_AVAILABILITY = YES_AGGRESSIVE;
				CLANG_WARN_UNREACHABLE_CODE = YES;
				CLANG_WARN__DUPLICATE_METHOD_MATCH = YES;
				COPY_PHASE_STRIP = NO;
				DEBUG_INFORMATION_FORMAT = dwarf;
				ENABLE_STRICT_OBJC_MSGSEND = YES;
				ENABLE_TESTABILITY = YES;
				GCC_C_LANGUAGE_STANDARD = gnu11;
				GCC_DYNAMIC_NO_PIC = NO;
				GCC_NO_COMMON_BLOCKS = YES;
				GCC_OPTIMIZATION_LEVEL = 0;
				GCC_PREPROCESSOR_DEFINITIONS = (
					"DEBUG=1",
					"$(inherited)",
				);
				GCC_WARN_64_TO_32_BIT_CONVERSION = YES;
				GCC_WARN_ABOUT_RETURN_TYPE = YES_ERROR;
				GCC_WARN_UNDECLARED_SELECTOR = YES;
				GCC_WARN_UNINITIALIZED_AUTOS = YES_AGGRESSIVE;
				GCC_WARN_UNUSED_FUNCTION = YES;
				GCC_WARN_UNUSED_VARIABLE = YES;
				IPHONEOS_DEPLOYMENT_TARGET = 16.2;
				MTL_ENABLE_DEBUG_INFO = INCLUDE_SOURCE;
				MTL_FAST_MATH = YES;
				ONLY_ACTIVE_ARCH = YES;
				SDKROOT = iphoneos;
				SWIFT_ACTIVE_COMPILATION_CONDITIONS = DEBUG;
				SWIFT_OPTIMIZATION_LEVEL = "-Onone";
			};
			name = Debug;
		};
		21339475299D0FC9007FAD0A /* Release */ = {
			isa = XCBuildConfiguration;
			buildSettings = {
				ALWAYS_SEARCH_USER_PATHS = NO;
				CLANG_ANALYZER_NONNULL = YES;
				CLANG_ANALYZER_NUMBER_OBJECT_CONVERSION = YES_AGGRESSIVE;
				CLANG_CXX_LANGUAGE_STANDARD = "gnu++20";
				CLANG_ENABLE_MODULES = YES;
				CLANG_ENABLE_OBJC_ARC = YES;
				CLANG_ENABLE_OBJC_WEAK = YES;
				CLANG_WARN_BLOCK_CAPTURE_AUTORELEASING = YES;
				CLANG_WARN_BOOL_CONVERSION = YES;
				CLANG_WARN_COMMA = YES;
				CLANG_WARN_CONSTANT_CONVERSION = YES;
				CLANG_WARN_DEPRECATED_OBJC_IMPLEMENTATIONS = YES;
				CLANG_WARN_DIRECT_OBJC_ISA_USAGE = YES_ERROR;
				CLANG_WARN_DOCUMENTATION_COMMENTS = YES;
				CLANG_WARN_EMPTY_BODY = YES;
				CLANG_WARN_ENUM_CONVERSION = YES;
				CLANG_WARN_INFINITE_RECURSION = YES;
				CLANG_WARN_INT_CONVERSION = YES;
				CLANG_WARN_NON_LITERAL_NULL_CONVERSION = YES;
				CLANG_WARN_OBJC_IMPLICIT_RETAIN_SELF = YES;
				CLANG_WARN_OBJC_LITERAL_CONVERSION = YES;
				CLANG_WARN_OBJC_ROOT_CLASS = YES_ERROR;
				CLANG_WARN_QUOTED_INCLUDE_IN_FRAMEWORK_HEADER = YES;
				CLANG_WARN_RANGE_LOOP_ANALYSIS = YES;
				CLANG_WARN_STRICT_PROTOTYPES = YES;
				CLANG_WARN_SUSPICIOUS_MOVE = YES;
				CLANG_WARN_UNGUARDED_AVAILABILITY = YES_AGGRESSIVE;
				CLANG_WARN_UNREACHABLE_CODE = YES;
				CLANG_WARN__DUPLICATE_METHOD_MATCH = YES;
				COPY_PHASE_STRIP = NO;
				DEBUG_INFORMATION_FORMAT = "dwarf-with-dsym";
				ENABLE_NS_ASSERTIONS = NO;
				ENABLE_STRICT_OBJC_MSGSEND = YES;
				GCC_C_LANGUAGE_STANDARD = gnu11;
				GCC_NO_COMMON_BLOCKS = YES;
				GCC_WARN_64_TO_32_BIT_CONVERSION = YES;
				GCC_WARN_ABOUT_RETURN_TYPE = YES_ERROR;
				GCC_WARN_UNDECLARED_SELECTOR = YES;
				GCC_WARN_UNINITIALIZED_AUTOS = YES_AGGRESSIVE;
				GCC_WARN_UNUSED_FUNCTION = YES;
				GCC_WARN_UNUSED_VARIABLE = YES;
				IPHONEOS_DEPLOYMENT_TARGET = 16.2;
				MTL_ENABLE_DEBUG_INFO = NO;
				MTL_FAST_MATH = YES;
				SDKROOT = iphoneos;
				SWIFT_COMPILATION_MODE = wholemodule;
				SWIFT_OPTIMIZATION_LEVEL = "-O";
				VALIDATE_PRODUCT = YES;
			};
			name = Release;
		};
		21339477299D0FC9007FAD0A /* Debug */ = {
			isa = XCBuildConfiguration;
			buildSettings = {
				ASSETCATALOG_COMPILER_APPICON_NAME = AppIcon;
				ASSETCATALOG_COMPILER_GLOBAL_ACCENT_COLOR_NAME = AccentColor;
				CODE_SIGN_STYLE = Automatic;
				CURRENT_PROJECT_VERSION = 1;
				GENERATE_INFOPLIST_FILE = YES;
				INFOPLIST_FILE = CustomTextToSepeech/Info.plist;
				INFOPLIST_KEY_UIApplicationSupportsIndirectInputEvents = YES;
				INFOPLIST_KEY_UILaunchStoryboardName = LaunchScreen;
				INFOPLIST_KEY_UIMainStoryboardFile = Main;
				INFOPLIST_KEY_UISupportedInterfaceOrientations_iPad = "UIInterfaceOrientationPortrait UIInterfaceOrientationPortraitUpsideDown UIInterfaceOrientationLandscapeLeft UIInterfaceOrientationLandscapeRight";
				INFOPLIST_KEY_UISupportedInterfaceOrientations_iPhone = "UIInterfaceOrientationPortrait UIInterfaceOrientationLandscapeLeft UIInterfaceOrientationLandscapeRight";
				LD_RUNPATH_SEARCH_PATHS = (
					"$(inherited)",
					"@executable_path/Frameworks",
				);
				MARKETING_VERSION = 1.0;
				PRODUCT_BUNDLE_IDENTIFIER = com.murad.www.CustomTextToSepeech;
				PRODUCT_NAME = "$(TARGET_NAME)";
				SWIFT_EMIT_LOC_STRINGS = YES;
				SWIFT_VERSION = 5.0;
				TARGETED_DEVICE_FAMILY = "1,2";
			};
			name = Debug;
		};
		21339478299D0FC9007FAD0A /* Release */ = {
			isa = XCBuildConfiguration;
			buildSettings = {
				ASSETCATALOG_COMPILER_APPICON_NAME = AppIcon;
				ASSETCATALOG_COMPILER_GLOBAL_ACCENT_COLOR_NAME = AccentColor;
				CODE_SIGN_STYLE = Automatic;
				CURRENT_PROJECT_VERSION = 1;
				GENERATE_INFOPLIST_FILE = YES;
				INFOPLIST_FILE = CustomTextToSepeech/Info.plist;
				INFOPLIST_KEY_UIApplicationSupportsIndirectInputEvents = YES;
				INFOPLIST_KEY_UILaunchStoryboardName = LaunchScreen;
				INFOPLIST_KEY_UIMainStoryboardFile = Main;
				INFOPLIST_KEY_UISupportedInterfaceOrientations_iPad = "UIInterfaceOrientationPortrait UIInterfaceOrientationPortraitUpsideDown UIInterfaceOrientationLandscapeLeft UIInterfaceOrientationLandscapeRight";
				INFOPLIST_KEY_UISupportedInterfaceOrientations_iPhone = "UIInterfaceOrientationPortrait UIInterfaceOrientationLandscapeLeft UIInterfaceOrientationLandscapeRight";
				LD_RUNPATH_SEARCH_PATHS = (
					"$(inherited)",
					"@executable_path/Frameworks",
				);
				MARKETING_VERSION = 1.0;
				PRODUCT_BUNDLE_IDENTIFIER = com.murad.www.CustomTextToSepeech;
				PRODUCT_NAME = "$(TARGET_NAME)";
				SWIFT_EMIT_LOC_STRINGS = YES;
				SWIFT_VERSION = 5.0;
				TARGETED_DEVICE_FAMILY = "1,2";
			};
			name = Release;
		};
		2133947A299D0FC9007FAD0A /* Debug */ = {
			isa = XCBuildConfiguration;
			buildSettings = {
				ALWAYS_EMBED_SWIFT_STANDARD_LIBRARIES = YES;
				BUNDLE_LOADER = "$(TEST_HOST)";
				CODE_SIGN_STYLE = Automatic;
				CURRENT_PROJECT_VERSION = 1;
				GENERATE_INFOPLIST_FILE = YES;
				IPHONEOS_DEPLOYMENT_TARGET = 16.2;
				MARKETING_VERSION = 1.0;
				PRODUCT_BUNDLE_IDENTIFIER = com.murad.www.CustomTextToSepeechTests;
				PRODUCT_NAME = "$(TARGET_NAME)";
				SWIFT_EMIT_LOC_STRINGS = NO;
				SWIFT_VERSION = 5.0;
				TARGETED_DEVICE_FAMILY = "1,2";
				TEST_HOST = "$(BUILT_PRODUCTS_DIR)/CustomTextToSepeech.app/$(BUNDLE_EXECUTABLE_FOLDER_PATH)/CustomTextToSepeech";
			};
			name = Debug;
		};
		2133947B299D0FC9007FAD0A /* Release */ = {
			isa = XCBuildConfiguration;
			buildSettings = {
				ALWAYS_EMBED_SWIFT_STANDARD_LIBRARIES = YES;
				BUNDLE_LOADER = "$(TEST_HOST)";
				CODE_SIGN_STYLE = Automatic;
				CURRENT_PROJECT_VERSION = 1;
				GENERATE_INFOPLIST_FILE = YES;
				IPHONEOS_DEPLOYMENT_TARGET = 16.2;
				MARKETING_VERSION = 1.0;
				PRODUCT_BUNDLE_IDENTIFIER = com.murad.www.CustomTextToSepeechTests;
				PRODUCT_NAME = "$(TARGET_NAME)";
				SWIFT_EMIT_LOC_STRINGS = NO;
				SWIFT_VERSION = 5.0;
				TARGETED_DEVICE_FAMILY = "1,2";
				TEST_HOST = "$(BUILT_PRODUCTS_DIR)/CustomTextToSepeech.app/$(BUNDLE_EXECUTABLE_FOLDER_PATH)/CustomTextToSepeech";
			};
			name = Release;
		};
		2133947D299D0FC9007FAD0A /* Debug */ = {
			isa = XCBuildConfiguration;
			buildSettings = {
				ALWAYS_EMBED_SWIFT_STANDARD_LIBRARIES = YES;
				CODE_SIGN_STYLE = Automatic;
				CURRENT_PROJECT_VERSION = 1;
				GENERATE_INFOPLIST_FILE = YES;
				MARKETING_VERSION = 1.0;
				PRODUCT_BUNDLE_IDENTIFIER = com.murad.www.CustomTextToSepeechUITests;
				PRODUCT_NAME = "$(TARGET_NAME)";
				SWIFT_EMIT_LOC_STRINGS = NO;
				SWIFT_VERSION = 5.0;
				TARGETED_DEVICE_FAMILY = "1,2";
				TEST_TARGET_NAME = CustomTextToSepeech;
			};
			name = Debug;
		};
		2133947E299D0FC9007FAD0A /* Release */ = {
			isa = XCBuildConfiguration;
			buildSettings = {
				ALWAYS_EMBED_SWIFT_STANDARD_LIBRARIES = YES;
				CODE_SIGN_STYLE = Automatic;
				CURRENT_PROJECT_VERSION = 1;
				GENERATE_INFOPLIST_FILE = YES;
				MARKETING_VERSION = 1.0;
				PRODUCT_BUNDLE_IDENTIFIER = com.murad.www.CustomTextToSepeechUITests;
				PRODUCT_NAME = "$(TARGET_NAME)";
				SWIFT_EMIT_LOC_STRINGS = NO;
				SWIFT_VERSION = 5.0;
				TARGETED_DEVICE_FAMILY = "1,2";
				TEST_TARGET_NAME = CustomTextToSepeech;
			};
			name = Release;
		};
/* End XCBuildConfiguration section */

/* Begin XCConfigurationList section */
		21339444299D0FC7007FAD0A /* Build configuration list for PBXProject "CustomTextToSepeech" */ = {
			isa = XCConfigurationList;
			buildConfigurations = (
				21339474299D0FC9007FAD0A /* Debug */,
				21339475299D0FC9007FAD0A /* Release */,
			);
			defaultConfigurationIsVisible = 0;
			defaultConfigurationName = Release;
		};
		21339476299D0FC9007FAD0A /* Build configuration list for PBXNativeTarget "CustomTextToSepeech" */ = {
			isa = XCConfigurationList;
			buildConfigurations = (
				21339477299D0FC9007FAD0A /* Debug */,
				21339478299D0FC9007FAD0A /* Release */,
			);
			defaultConfigurationIsVisible = 0;
			defaultConfigurationName = Release;
		};
		21339479299D0FC9007FAD0A /* Build configuration list for PBXNativeTarget "CustomTextToSepeechTests" */ = {
			isa = XCConfigurationList;
			buildConfigurations = (
				2133947A299D0FC9007FAD0A /* Debug */,
				2133947B299D0FC9007FAD0A /* Release */,
			);
			defaultConfigurationIsVisible = 0;
			defaultConfigurationName = Release;
		};
		2133947C299D0FC9007FAD0A /* Build configuration list for PBXNativeTarget "CustomTextToSepeechUITests" */ = {
			isa = XCConfigurationList;
			buildConfigurations = (
				2133947D299D0FC9007FAD0A /* Debug */,
				2133947E299D0FC9007FAD0A /* Release */,
			);
			defaultConfigurationIsVisible = 0;
			defaultConfigurationName = Release;
		};
/* End XCConfigurationList section */

/* Begin XCVersionGroup section */
		21339455299D0FC7007FAD0A /* CustomTextToSepeech.xcdatamodeld */ = {
			isa = XCVersionGroup;
			children = (
				21339456299D0FC7007FAD0A /* CustomTextToSepeech.xcdatamodel */,
			);
			currentVersion = 21339456299D0FC7007FAD0A /* CustomTextToSepeech.xcdatamodel */;
			path = CustomTextToSepeech.xcdatamodeld;
			sourceTree = "<group>";
			versionGroupType = wrapper.xcdatamodel;
		};
/* End XCVersionGroup section */
	};
	rootObject = 21339441299D0FC7007FAD0A /* Project object */;
}
